// !$*UTF8*$!
{
	archiveVersion = 1;
	classes = {
	};
	objectVersion = 50;
	objects = {

/* Begin PBXBuildFile section */
		F4786A82254FA1EF00AE61D9 /* AppDelegate.m in Sources */ = {isa = PBXBuildFile; fileRef = F4786A81254FA1EF00AE61D9 /* AppDelegate.m */; };
		F4786A85254FA1EF00AE61D9 /* SceneDelegate.m in Sources */ = {isa = PBXBuildFile; fileRef = F4786A84254FA1EF00AE61D9 /* SceneDelegate.m */; };
		F4786A8D254FA1F100AE61D9 /* Assets.xcassets in Resources */ = {isa = PBXBuildFile; fileRef = F4786A8C254FA1F100AE61D9 /* Assets.xcassets */; };
		F4786A90254FA1F100AE61D9 /* LaunchScreen.storyboard in Resources */ = {isa = PBXBuildFile; fileRef = F4786A8E254FA1F100AE61D9 /* LaunchScreen.storyboard */; };
		F4786A93254FA1F100AE61D9 /* main.m in Sources */ = {isa = PBXBuildFile; fileRef = F4786A92254FA1F100AE61D9 /* main.m */; };
		F4786A9D254FA1F100AE61D9 /* TabBarControllerTests.m in Sources */ = {isa = PBXBuildFile; fileRef = F4786A9C254FA1F100AE61D9 /* TabBarControllerTests.m */; };
		F4786AA8254FA1F100AE61D9 /* TabBarControllerUITests.m in Sources */ = {isa = PBXBuildFile; fileRef = F4786AA7254FA1F100AE61D9 /* TabBarControllerUITests.m */; };
		F4786ABF254FA25600AE61D9 /* TabBarViewController.m in Sources */ = {isa = PBXBuildFile; fileRef = F4786ABE254FA25600AE61D9 /* TabBarViewController.m */; };
		F4786ACF254FA27900AE61D9 /* RedViewController.m in Sources */ = {isa = PBXBuildFile; fileRef = F4786ACD254FA27900AE61D9 /* RedViewController.m */; };
		F4786AD0254FA27900AE61D9 /* RedViewController.xib in Resources */ = {isa = PBXBuildFile; fileRef = F4786ACE254FA27900AE61D9 /* RedViewController.xib */; };
		F4786AD7254FA28300AE61D9 /* GreenViewController.m in Sources */ = {isa = PBXBuildFile; fileRef = F4786AD5254FA28300AE61D9 /* GreenViewController.m */; };
		F4786AD8254FA28300AE61D9 /* GreenViewController.xib in Resources */ = {isa = PBXBuildFile; fileRef = F4786AD6254FA28300AE61D9 /* GreenViewController.xib */; };
		F4786ADF254FA28E00AE61D9 /* YellowViewController.m in Sources */ = {isa = PBXBuildFile; fileRef = F4786ADD254FA28E00AE61D9 /* YellowViewController.m */; };
		F4786AE0254FA28E00AE61D9 /* YellowViewController.xib in Resources */ = {isa = PBXBuildFile; fileRef = F4786ADE254FA28E00AE61D9 /* YellowViewController.xib */; };
		F4786AE7254FA29900AE61D9 /* BlueViewController.m in Sources */ = {isa = PBXBuildFile; fileRef = F4786AE5254FA29900AE61D9 /* BlueViewController.m */; };
		F4786AE8254FA29900AE61D9 /* BlueViewController.xib in Resources */ = {isa = PBXBuildFile; fileRef = F4786AE6254FA29900AE61D9 /* BlueViewController.xib */; };
		F4786AF0254FDD7000AE61D9 /* SecondViewController.m in Sources */ = {isa = PBXBuildFile; fileRef = F4786AEE254FDD7000AE61D9 /* SecondViewController.m */; };
		F4786AF1254FDD7000AE61D9 /* SecondViewController.xib in Resources */ = {isa = PBXBuildFile; fileRef = F4786AEF254FDD7000AE61D9 /* SecondViewController.xib */; };
		F4786B00254FDEB300AE61D9 /* ViewController.m in Sources */ = {isa = PBXBuildFile; fileRef = F4786AFF254FDEB300AE61D9 /* ViewController.m */; };
		F4786B08254FDEF500AE61D9 /* Main.storyboard in Resources */ = {isa = PBXBuildFile; fileRef = F4786B07254FDEF500AE61D9 /* Main.storyboard */; };
/* End PBXBuildFile section */

/* Begin PBXContainerItemProxy section */
		F4786A99254FA1F100AE61D9 /* PBXContainerItemProxy */ = {
			isa = PBXContainerItemProxy;
			containerPortal = F4786A75254FA1EF00AE61D9 /* Project object */;
			proxyType = 1;
			remoteGlobalIDString = F4786A7C254FA1EF00AE61D9;
			remoteInfo = TabBarController;
		};
		F4786AA4254FA1F100AE61D9 /* PBXContainerItemProxy */ = {
			isa = PBXContainerItemProxy;
			containerPortal = F4786A75254FA1EF00AE61D9 /* Project object */;
			proxyType = 1;
			remoteGlobalIDString = F4786A7C254FA1EF00AE61D9;
			remoteInfo = TabBarController;
		};
/* End PBXContainerItemProxy section */

/* Begin PBXFileReference section */
		F4786A7D254FA1EF00AE61D9 /* TabBarController.app */ = {isa = PBXFileReference; explicitFileType = wrapper.application; includeInIndex = 0; path = TabBarController.app; sourceTree = BUILT_PRODUCTS_DIR; };
		F4786A80254FA1EF00AE61D9 /* AppDelegate.h */ = {isa = PBXFileReference; lastKnownFileType = sourcecode.c.h; path = AppDelegate.h; sourceTree = "<group>"; };
		F4786A81254FA1EF00AE61D9 /* AppDelegate.m */ = {isa = PBXFileReference; lastKnownFileType = sourcecode.c.objc; path = AppDelegate.m; sourceTree = "<group>"; };
		F4786A83254FA1EF00AE61D9 /* SceneDelegate.h */ = {isa = PBXFileReference; lastKnownFileType = sourcecode.c.h; path = SceneDelegate.h; sourceTree = "<group>"; };
		F4786A84254FA1EF00AE61D9 /* SceneDelegate.m */ = {isa = PBXFileReference; lastKnownFileType = sourcecode.c.objc; path = SceneDelegate.m; sourceTree = "<group>"; };
		F4786A8C254FA1F100AE61D9 /* Assets.xcassets */ = {isa = PBXFileReference; lastKnownFileType = folder.assetcatalog; path = Assets.xcassets; sourceTree = "<group>"; };
		F4786A8F254FA1F100AE61D9 /* Base */ = {isa = PBXFileReference; lastKnownFileType = file.storyboard; name = Base; path = Base.lproj/LaunchScreen.storyboard; sourceTree = "<group>"; };
		F4786A91254FA1F100AE61D9 /* Info.plist */ = {isa = PBXFileReference; lastKnownFileType = text.plist.xml; path = Info.plist; sourceTree = "<group>"; };
		F4786A92254FA1F100AE61D9 /* main.m */ = {isa = PBXFileReference; lastKnownFileType = sourcecode.c.objc; path = main.m; sourceTree = "<group>"; };
		F4786A98254FA1F100AE61D9 /* TabBarControllerTests.xctest */ = {isa = PBXFileReference; explicitFileType = wrapper.cfbundle; includeInIndex = 0; path = TabBarControllerTests.xctest; sourceTree = BUILT_PRODUCTS_DIR; };
		F4786A9C254FA1F100AE61D9 /* TabBarControllerTests.m */ = {isa = PBXFileReference; lastKnownFileType = sourcecode.c.objc; path = TabBarControllerTests.m; sourceTree = "<group>"; };
		F4786A9E254FA1F100AE61D9 /* Info.plist */ = {isa = PBXFileReference; lastKnownFileType = text.plist.xml; path = Info.plist; sourceTree = "<group>"; };
		F4786AA3254FA1F100AE61D9 /* TabBarControllerUITests.xctest */ = {isa = PBXFileReference; explicitFileType = wrapper.cfbundle; includeInIndex = 0; path = TabBarControllerUITests.xctest; sourceTree = BUILT_PRODUCTS_DIR; };
		F4786AA7254FA1F100AE61D9 /* TabBarControllerUITests.m */ = {isa = PBXFileReference; lastKnownFileType = sourcecode.c.objc; path = TabBarControllerUITests.m; sourceTree = "<group>"; };
		F4786AA9254FA1F100AE61D9 /* Info.plist */ = {isa = PBXFileReference; lastKnownFileType = text.plist.xml; path = Info.plist; sourceTree = "<group>"; };
		F4786ABD254FA25600AE61D9 /* TabBarViewController.h */ = {isa = PBXFileReference; lastKnownFileType = sourcecode.c.h; path = TabBarViewController.h; sourceTree = "<group>"; };
		F4786ABE254FA25600AE61D9 /* TabBarViewController.m */ = {isa = PBXFileReference; lastKnownFileType = sourcecode.c.objc; path = TabBarViewController.m; sourceTree = "<group>"; };
		F4786ACC254FA27900AE61D9 /* RedViewController.h */ = {isa = PBXFileReference; lastKnownFileType = sourcecode.c.h; path = RedViewController.h; sourceTree = "<group>"; };
		F4786ACD254FA27900AE61D9 /* RedViewController.m */ = {isa = PBXFileReference; lastKnownFileType = sourcecode.c.objc; path = RedViewController.m; sourceTree = "<group>"; };
		F4786ACE254FA27900AE61D9 /* RedViewController.xib */ = {isa = PBXFileReference; lastKnownFileType = file.xib; path = RedViewController.xib; sourceTree = "<group>"; };
		F4786AD4254FA28300AE61D9 /* GreenViewController.h */ = {isa = PBXFileReference; lastKnownFileType = sourcecode.c.h; path = GreenViewController.h; sourceTree = "<group>"; };
		F4786AD5254FA28300AE61D9 /* GreenViewController.m */ = {isa = PBXFileReference; lastKnownFileType = sourcecode.c.objc; path = GreenViewController.m; sourceTree = "<group>"; };
		F4786AD6254FA28300AE61D9 /* GreenViewController.xib */ = {isa = PBXFileReference; lastKnownFileType = file.xib; path = GreenViewController.xib; sourceTree = "<group>"; };
		F4786ADC254FA28E00AE61D9 /* YellowViewController.h */ = {isa = PBXFileReference; lastKnownFileType = sourcecode.c.h; path = YellowViewController.h; sourceTree = "<group>"; };
		F4786ADD254FA28E00AE61D9 /* YellowViewController.m */ = {isa = PBXFileReference; lastKnownFileType = sourcecode.c.objc; path = YellowViewController.m; sourceTree = "<group>"; };
		F4786ADE254FA28E00AE61D9 /* YellowViewController.xib */ = {isa = PBXFileReference; lastKnownFileType = file.xib; path = YellowViewController.xib; sourceTree = "<group>"; };
		F4786AE4254FA29900AE61D9 /* BlueViewController.h */ = {isa = PBXFileReference; lastKnownFileType = sourcecode.c.h; path = BlueViewController.h; sourceTree = "<group>"; };
		F4786AE5254FA29900AE61D9 /* BlueViewController.m */ = {isa = PBXFileReference; lastKnownFileType = sourcecode.c.objc; path = BlueViewController.m; sourceTree = "<group>"; };
		F4786AE6254FA29900AE61D9 /* BlueViewController.xib */ = {isa = PBXFileReference; lastKnownFileType = file.xib; path = BlueViewController.xib; sourceTree = "<group>"; };
		F4786AED254FDD7000AE61D9 /* SecondViewController.h */ = {isa = PBXFileReference; lastKnownFileType = sourcecode.c.h; path = SecondViewController.h; sourceTree = "<group>"; };
		F4786AEE254FDD7000AE61D9 /* SecondViewController.m */ = {isa = PBXFileReference; lastKnownFileType = sourcecode.c.objc; path = SecondViewController.m; sourceTree = "<group>"; };
		F4786AEF254FDD7000AE61D9 /* SecondViewController.xib */ = {isa = PBXFileReference; lastKnownFileType = file.xib; path = SecondViewController.xib; sourceTree = "<group>"; };
		F4786AFE254FDEB300AE61D9 /* ViewController.h */ = {isa = PBXFileReference; fileEncoding = 4; lastKnownFileType = sourcecode.c.h; name = ViewController.h; path = TabBarController/ViewController.h; sourceTree = SOURCE_ROOT; };
		F4786AFF254FDEB300AE61D9 /* ViewController.m */ = {isa = PBXFileReference; fileEncoding = 4; lastKnownFileType = sourcecode.c.objc; name = ViewController.m; path = TabBarController/ViewController.m; sourceTree = SOURCE_ROOT; };
		F4786B07254FDEF500AE61D9 /* Main.storyboard */ = {isa = PBXFileReference; lastKnownFileType = file.storyboard; path = Main.storyboard; sourceTree = "<group>"; };
/* End PBXFileReference section */

/* Begin PBXFrameworksBuildPhase section */
		F4786A7A254FA1EF00AE61D9 /* Frameworks */ = {
			isa = PBXFrameworksBuildPhase;
			buildActionMask = 2147483647;
			files = (
			);
			runOnlyForDeploymentPostprocessing = 0;
		};
		F4786A95254FA1F100AE61D9 /* Frameworks */ = {
			isa = PBXFrameworksBuildPhase;
			buildActionMask = 2147483647;
			files = (
			);
			runOnlyForDeploymentPostprocessing = 0;
		};
		F4786AA0254FA1F100AE61D9 /* Frameworks */ = {
			isa = PBXFrameworksBuildPhase;
			buildActionMask = 2147483647;
			files = (
			);
			runOnlyForDeploymentPostprocessing = 0;
		};
/* End PBXFrameworksBuildPhase section */

/* Begin PBXGroup section */
		F4786A74254FA1EF00AE61D9 = {
			isa = PBXGroup;
			children = (
				F4786A7F254FA1EF00AE61D9 /* TabBarController */,
				F4786A9B254FA1F100AE61D9 /* TabBarControllerTests */,
				F4786AA6254FA1F100AE61D9 /* TabBarControllerUITests */,
				F4786A7E254FA1EF00AE61D9 /* Products */,
			);
			sourceTree = "<group>";
		};
		F4786A7E254FA1EF00AE61D9 /* Products */ = {
			isa = PBXGroup;
			children = (
				F4786A7D254FA1EF00AE61D9 /* TabBarController.app */,
				F4786A98254FA1F100AE61D9 /* TabBarControllerTests.xctest */,
				F4786AA3254FA1F100AE61D9 /* TabBarControllerUITests.xctest */,
			);
			name = Products;
			sourceTree = "<group>";
		};
		F4786A7F254FA1EF00AE61D9 /* TabBarController */ = {
			isa = PBXGroup;
			children = (
				F4786AB8254FA1FC00AE61D9 /* TabBarController */,
				F4786AB9254FA21600AE61D9 /* Pagination */,
				F4786AEC254FDD5E00AE61D9 /* SecondView */,
				F4786AFE254FDEB300AE61D9 /* ViewController.h */,
				F4786AFF254FDEB300AE61D9 /* ViewController.m */,
				F4786A80254FA1EF00AE61D9 /* AppDelegate.h */,
				F4786A81254FA1EF00AE61D9 /* AppDelegate.m */,
				F4786A83254FA1EF00AE61D9 /* SceneDelegate.h */,
				F4786A84254FA1EF00AE61D9 /* SceneDelegate.m */,
				F4786A8C254FA1F100AE61D9 /* Assets.xcassets */,
				F4786A8E254FA1F100AE61D9 /* LaunchScreen.storyboard */,
				F4786A91254FA1F100AE61D9 /* Info.plist */,
				F4786A92254FA1F100AE61D9 /* main.m */,
				F4786B07254FDEF500AE61D9 /* Main.storyboard */,
			);
			path = TabBarController;
			sourceTree = "<group>";
		};
		F4786A9B254FA1F100AE61D9 /* TabBarControllerTests */ = {
			isa = PBXGroup;
			children = (
				F4786A9C254FA1F100AE61D9 /* TabBarControllerTests.m */,
				F4786A9E254FA1F100AE61D9 /* Info.plist */,
			);
			path = TabBarControllerTests;
			sourceTree = "<group>";
		};
		F4786AA6254FA1F100AE61D9 /* TabBarControllerUITests */ = {
			isa = PBXGroup;
			children = (
				F4786AA7254FA1F100AE61D9 /* TabBarControllerUITests.m */,
				F4786AA9254FA1F100AE61D9 /* Info.plist */,
			);
			path = TabBarControllerUITests;
			sourceTree = "<group>";
		};
		F4786AB8254FA1FC00AE61D9 /* TabBarController */ = {
			isa = PBXGroup;
			children = (
				F4786ABD254FA25600AE61D9 /* TabBarViewController.h */,
				F4786ABE254FA25600AE61D9 /* TabBarViewController.m */,
			);
			path = TabBarController;
			sourceTree = "<group>";
		};
		F4786AB9254FA21600AE61D9 /* Pagination */ = {
			isa = PBXGroup;
			children = (
				F4786ACC254FA27900AE61D9 /* RedViewController.h */,
				F4786ACD254FA27900AE61D9 /* RedViewController.m */,
				F4786ACE254FA27900AE61D9 /* RedViewController.xib */,
				F4786AD4254FA28300AE61D9 /* GreenViewController.h */,
				F4786AD5254FA28300AE61D9 /* GreenViewController.m */,
				F4786AD6254FA28300AE61D9 /* GreenViewController.xib */,
				F4786ADC254FA28E00AE61D9 /* YellowViewController.h */,
				F4786ADD254FA28E00AE61D9 /* YellowViewController.m */,
				F4786ADE254FA28E00AE61D9 /* YellowViewController.xib */,
				F4786AE4254FA29900AE61D9 /* BlueViewController.h */,
				F4786AE5254FA29900AE61D9 /* BlueViewController.m */,
				F4786AE6254FA29900AE61D9 /* BlueViewController.xib */,
			);
			path = Pagination;
			sourceTree = "<group>";
		};
		F4786AEC254FDD5E00AE61D9 /* SecondView */ = {
			isa = PBXGroup;
			children = (
				F4786AED254FDD7000AE61D9 /* SecondViewController.h */,
				F4786AEE254FDD7000AE61D9 /* SecondViewController.m */,
				F4786AEF254FDD7000AE61D9 /* SecondViewController.xib */,
			);
			path = SecondView;
			sourceTree = "<group>";
		};
/* End PBXGroup section */

/* Begin PBXNativeTarget section */
		F4786A7C254FA1EF00AE61D9 /* TabBarController */ = {
			isa = PBXNativeTarget;
			buildConfigurationList = F4786AAC254FA1F100AE61D9 /* Build configuration list for PBXNativeTarget "TabBarController" */;
			buildPhases = (
				F4786A79254FA1EF00AE61D9 /* Sources */,
				F4786A7A254FA1EF00AE61D9 /* Frameworks */,
				F4786A7B254FA1EF00AE61D9 /* Resources */,
			);
			buildRules = (
			);
			dependencies = (
			);
			name = TabBarController;
			productName = TabBarController;
			productReference = F4786A7D254FA1EF00AE61D9 /* TabBarController.app */;
			productType = "com.apple.product-type.application";
		};
		F4786A97254FA1F100AE61D9 /* TabBarControllerTests */ = {
			isa = PBXNativeTarget;
			buildConfigurationList = F4786AAF254FA1F100AE61D9 /* Build configuration list for PBXNativeTarget "TabBarControllerTests" */;
			buildPhases = (
				F4786A94254FA1F100AE61D9 /* Sources */,
				F4786A95254FA1F100AE61D9 /* Frameworks */,
				F4786A96254FA1F100AE61D9 /* Resources */,
			);
			buildRules = (
			);
			dependencies = (
				F4786A9A254FA1F100AE61D9 /* PBXTargetDependency */,
			);
			name = TabBarControllerTests;
			productName = TabBarControllerTests;
			productReference = F4786A98254FA1F100AE61D9 /* TabBarControllerTests.xctest */;
			productType = "com.apple.product-type.bundle.unit-test";
		};
		F4786AA2254FA1F100AE61D9 /* TabBarControllerUITests */ = {
			isa = PBXNativeTarget;
			buildConfigurationList = F4786AB2254FA1F100AE61D9 /* Build configuration list for PBXNativeTarget "TabBarControllerUITests" */;
			buildPhases = (
				F4786A9F254FA1F100AE61D9 /* Sources */,
				F4786AA0254FA1F100AE61D9 /* Frameworks */,
				F4786AA1254FA1F100AE61D9 /* Resources */,
			);
			buildRules = (
			);
			dependencies = (
				F4786AA5254FA1F100AE61D9 /* PBXTargetDependency */,
			);
			name = TabBarControllerUITests;
			productName = TabBarControllerUITests;
			productReference = F4786AA3254FA1F100AE61D9 /* TabBarControllerUITests.xctest */;
			productType = "com.apple.product-type.bundle.ui-testing";
		};
/* End PBXNativeTarget section */

/* Begin PBXProject section */
		F4786A75254FA1EF00AE61D9 /* Project object */ = {
			isa = PBXProject;
			attributes = {
				LastUpgradeCheck = 1210;
				TargetAttributes = {
					F4786A7C254FA1EF00AE61D9 = {
						CreatedOnToolsVersion = 12.1;
					};
					F4786A97254FA1F100AE61D9 = {
						CreatedOnToolsVersion = 12.1;
						TestTargetID = F4786A7C254FA1EF00AE61D9;
					};
					F4786AA2254FA1F100AE61D9 = {
						CreatedOnToolsVersion = 12.1;
						TestTargetID = F4786A7C254FA1EF00AE61D9;
					};
				};
			};
			buildConfigurationList = F4786A78254FA1EF00AE61D9 /* Build configuration list for PBXProject "TabBarController" */;
			compatibilityVersion = "Xcode 9.3";
			developmentRegion = en;
			hasScannedForEncodings = 0;
			knownRegions = (
				en,
				Base,
			);
			mainGroup = F4786A74254FA1EF00AE61D9;
			productRefGroup = F4786A7E254FA1EF00AE61D9 /* Products */;
			projectDirPath = "";
			projectRoot = "";
			targets = (
				F4786A7C254FA1EF00AE61D9 /* TabBarController */,
				F4786A97254FA1F100AE61D9 /* TabBarControllerTests */,
				F4786AA2254FA1F100AE61D9 /* TabBarControllerUITests */,
			);
		};
/* End PBXProject section */

/* Begin PBXResourcesBuildPhase section */
		F4786A7B254FA1EF00AE61D9 /* Resources */ = {
			isa = PBXResourcesBuildPhase;
			buildActionMask = 2147483647;
			files = (
				F4786AD0254FA27900AE61D9 /* RedViewController.xib in Resources */,
				F4786AD8254FA28300AE61D9 /* GreenViewController.xib in Resources */,
				F4786AE8254FA29900AE61D9 /* BlueViewController.xib in Resources */,
				F4786B08254FDEF500AE61D9 /* Main.storyboard in Resources */,
				F4786A90254FA1F100AE61D9 /* LaunchScreen.storyboard in Resources */,
				F4786AF1254FDD7000AE61D9 /* SecondViewController.xib in Resources */,
				F4786A8D254FA1F100AE61D9 /* Assets.xcassets in Resources */,
				F4786AE0254FA28E00AE61D9 /* YellowViewController.xib in Resources */,
			);
			runOnlyForDeploymentPostprocessing = 0;
		};
		F4786A96254FA1F100AE61D9 /* Resources */ = {
			isa = PBXResourcesBuildPhase;
			buildActionMask = 2147483647;
			files = (
			);
			runOnlyForDeploymentPostprocessing = 0;
		};
		F4786AA1254FA1F100AE61D9 /* Resources */ = {
			isa = PBXResourcesBuildPhase;
			buildActionMask = 2147483647;
			files = (
			);
			runOnlyForDeploymentPostprocessing = 0;
		};
/* End PBXResourcesBuildPhase section */

/* Begin PBXSourcesBuildPhase section */
		F4786A79254FA1EF00AE61D9 /* Sources */ = {
			isa = PBXSourcesBuildPhase;
			buildActionMask = 2147483647;
			files = (
				F4786AF0254FDD7000AE61D9 /* SecondViewController.m in Sources */,
				F4786ABF254FA25600AE61D9 /* TabBarViewController.m in Sources */,
				F4786A82254FA1EF00AE61D9 /* AppDelegate.m in Sources */,
				F4786A93254FA1F100AE61D9 /* main.m in Sources */,
				F4786B00254FDEB300AE61D9 /* ViewController.m in Sources */,
				F4786ADF254FA28E00AE61D9 /* YellowViewController.m in Sources */,
				F4786ACF254FA27900AE61D9 /* RedViewController.m in Sources */,
				F4786AD7254FA28300AE61D9 /* GreenViewController.m in Sources */,
				F4786A85254FA1EF00AE61D9 /* SceneDelegate.m in Sources */,
				F4786AE7254FA29900AE61D9 /* BlueViewController.m in Sources */,
			);
			runOnlyForDeploymentPostprocessing = 0;
		};
		F4786A94254FA1F100AE61D9 /* Sources */ = {
			isa = PBXSourcesBuildPhase;
			buildActionMask = 2147483647;
			files = (
				F4786A9D254FA1F100AE61D9 /* TabBarControllerTests.m in Sources */,
			);
			runOnlyForDeploymentPostprocessing = 0;
		};
		F4786A9F254FA1F100AE61D9 /* Sources */ = {
			isa = PBXSourcesBuildPhase;
			buildActionMask = 2147483647;
			files = (
				F4786AA8254FA1F100AE61D9 /* TabBarControllerUITests.m in Sources */,
			);
			runOnlyForDeploymentPostprocessing = 0;
		};
/* End PBXSourcesBuildPhase section */

/* Begin PBXTargetDependency section */
		F4786A9A254FA1F100AE61D9 /* PBXTargetDependency */ = {
			isa = PBXTargetDependency;
			target = F4786A7C254FA1EF00AE61D9 /* TabBarController */;
			targetProxy = F4786A99254FA1F100AE61D9 /* PBXContainerItemProxy */;
		};
		F4786AA5254FA1F100AE61D9 /* PBXTargetDependency */ = {
			isa = PBXTargetDependency;
			target = F4786A7C254FA1EF00AE61D9 /* TabBarController */;
			targetProxy = F4786AA4254FA1F100AE61D9 /* PBXContainerItemProxy */;
		};
/* End PBXTargetDependency section */

/* Begin PBXVariantGroup section */
		F4786A8E254FA1F100AE61D9 /* LaunchScreen.storyboard */ = {
			isa = PBXVariantGroup;
			children = (
				F4786A8F254FA1F100AE61D9 /* Base */,
			);
			name = LaunchScreen.storyboard;
			sourceTree = "<group>";
		};
/* End PBXVariantGroup section */

/* Begin XCBuildConfiguration section */
		F4786AAA254FA1F100AE61D9 /* Debug */ = {
			isa = XCBuildConfiguration;
			buildSettings = {
				ALWAYS_SEARCH_USER_PATHS = NO;
				CLANG_ANALYZER_NONNULL = YES;
				CLANG_ANALYZER_NUMBER_OBJECT_CONVERSION = YES_AGGRESSIVE;
				CLANG_CXX_LANGUAGE_STANDARD = "gnu++14";
				CLANG_CXX_LIBRARY = "libc++";
				CLANG_ENABLE_MODULES = YES;
				CLANG_ENABLE_OBJC_ARC = YES;
				CLANG_ENABLE_OBJC_WEAK = YES;
				CLANG_WARN_BLOCK_CAPTURE_AUTORELEASING = YES;
				CLANG_WARN_BOOL_CONVERSION = YES;
				CLANG_WARN_COMMA = YES;
				CLANG_WARN_CONSTANT_CONVERSION = YES;
				CLANG_WARN_DEPRECATED_OBJC_IMPLEMENTATIONS = YES;
				CLANG_WARN_DIRECT_OBJC_ISA_USAGE = YES_ERROR;
				CLANG_WARN_DOCUMENTATION_COMMENTS = YES;
				CLANG_WARN_EMPTY_BODY = YES;
				CLANG_WARN_ENUM_CONVERSION = YES;
				CLANG_WARN_INFINITE_RECURSION = YES;
				CLANG_WARN_INT_CONVERSION = YES;
				CLANG_WARN_NON_LITERAL_NULL_CONVERSION = YES;
				CLANG_WARN_OBJC_IMPLICIT_RETAIN_SELF = YES;
				CLANG_WARN_OBJC_LITERAL_CONVERSION = YES;
				CLANG_WARN_OBJC_ROOT_CLASS = YES_ERROR;
				CLANG_WARN_QUOTED_INCLUDE_IN_FRAMEWORK_HEADER = YES;
				CLANG_WARN_RANGE_LOOP_ANALYSIS = YES;
				CLANG_WARN_STRICT_PROTOTYPES = YES;
				CLANG_WARN_SUSPICIOUS_MOVE = YES;
				CLANG_WARN_UNGUARDED_AVAILABILITY = YES_AGGRESSIVE;
				CLANG_WARN_UNREACHABLE_CODE = YES;
				CLANG_WARN__DUPLICATE_METHOD_MATCH = YES;
				COPY_PHASE_STRIP = NO;
				DEBUG_INFORMATION_FORMAT = dwarf;
				ENABLE_STRICT_OBJC_MSGSEND = YES;
				ENABLE_TESTABILITY = YES;
				GCC_C_LANGUAGE_STANDARD = gnu11;
				GCC_DYNAMIC_NO_PIC = NO;
				GCC_NO_COMMON_BLOCKS = YES;
				GCC_OPTIMIZATION_LEVEL = 0;
				GCC_PREPROCESSOR_DEFINITIONS = (
					"DEBUG=1",
					"$(inherited)",
				);
				GCC_WARN_64_TO_32_BIT_CONVERSION = YES;
				GCC_WARN_ABOUT_RETURN_TYPE = YES_ERROR;
				GCC_WARN_UNDECLARED_SELECTOR = YES;
				GCC_WARN_UNINITIALIZED_AUTOS = YES_AGGRESSIVE;
				GCC_WARN_UNUSED_FUNCTION = YES;
				GCC_WARN_UNUSED_VARIABLE = YES;
				IPHONEOS_DEPLOYMENT_TARGET = 14.1;
				MTL_ENABLE_DEBUG_INFO = INCLUDE_SOURCE;
				MTL_FAST_MATH = YES;
				ONLY_ACTIVE_ARCH = YES;
				SDKROOT = iphoneos;
			};
			name = Debug;
		};
		F4786AAB254FA1F100AE61D9 /* Release */ = {
			isa = XCBuildConfiguration;
			buildSettings = {
				ALWAYS_SEARCH_USER_PATHS = NO;
				CLANG_ANALYZER_NONNULL = YES;
				CLANG_ANALYZER_NUMBER_OBJECT_CONVERSION = YES_AGGRESSIVE;
				CLANG_CXX_LANGUAGE_STANDARD = "gnu++14";
				CLANG_CXX_LIBRARY = "libc++";
				CLANG_ENABLE_MODULES = YES;
				CLANG_ENABLE_OBJC_ARC = YES;
				CLANG_ENABLE_OBJC_WEAK = YES;
				CLANG_WARN_BLOCK_CAPTURE_AUTORELEASING = YES;
				CLANG_WARN_BOOL_CONVERSION = YES;
				CLANG_WARN_COMMA = YES;
				CLANG_WARN_CONSTANT_CONVERSION = YES;
				CLANG_WARN_DEPRECATED_OBJC_IMPLEMENTATIONS = YES;
				CLANG_WARN_DIRECT_OBJC_ISA_USAGE = YES_ERROR;
				CLANG_WARN_DOCUMENTATION_COMMENTS = YES;
				CLANG_WARN_EMPTY_BODY = YES;
				CLANG_WARN_ENUM_CONVERSION = YES;
				CLANG_WARN_INFINITE_RECURSION = YES;
				CLANG_WARN_INT_CONVERSION = YES;
				CLANG_WARN_NON_LITERAL_NULL_CONVERSION = YES;
				CLANG_WARN_OBJC_IMPLICIT_RETAIN_SELF = YES;
				CLANG_WARN_OBJC_LITERAL_CONVERSION = YES;
				CLANG_WARN_OBJC_ROOT_CLASS = YES_ERROR;
				CLANG_WARN_QUOTED_INCLUDE_IN_FRAMEWORK_HEADER = YES;
				CLANG_WARN_RANGE_LOOP_ANALYSIS = YES;
				CLANG_WARN_STRICT_PROTOTYPES = YES;
				CLANG_WARN_SUSPICIOUS_MOVE = YES;
				CLANG_WARN_UNGUARDED_AVAILABILITY = YES_AGGRESSIVE;
				CLANG_WARN_UNREACHABLE_CODE = YES;
				CLANG_WARN__DUPLICATE_METHOD_MATCH = YES;
				COPY_PHASE_STRIP = NO;
				DEBUG_INFORMATION_FORMAT = "dwarf-with-dsym";
				ENABLE_NS_ASSERTIONS = NO;
				ENABLE_STRICT_OBJC_MSGSEND = YES;
				GCC_C_LANGUAGE_STANDARD = gnu11;
				GCC_NO_COMMON_BLOCKS = YES;
				GCC_WARN_64_TO_32_BIT_CONVERSION = YES;
				GCC_WARN_ABOUT_RETURN_TYPE = YES_ERROR;
				GCC_WARN_UNDECLARED_SELECTOR = YES;
				GCC_WARN_UNINITIALIZED_AUTOS = YES_AGGRESSIVE;
				GCC_WARN_UNUSED_FUNCTION = YES;
				GCC_WARN_UNUSED_VARIABLE = YES;
				IPHONEOS_DEPLOYMENT_TARGET = 14.1;
				MTL_ENABLE_DEBUG_INFO = NO;
				MTL_FAST_MATH = YES;
				SDKROOT = iphoneos;
				VALIDATE_PRODUCT = YES;
			};
			name = Release;
		};
		F4786AAD254FA1F100AE61D9 /* Debug */ = {
			isa = XCBuildConfiguration;
			buildSettings = {
				ASSETCATALOG_COMPILER_APPICON_NAME = AppIcon;
				ASSETCATALOG_COMPILER_GLOBAL_ACCENT_COLOR_NAME = AccentColor;
				CODE_SIGN_STYLE = Automatic;
				DEVELOPMENT_TEAM = HTGQ69GRBZ;
				INFOPLIST_FILE = TabBarController/Info.plist;
				LD_RUNPATH_SEARCH_PATHS = (
					"$(inherited)",
					"@executable_path/Frameworks",
				);
				PRODUCT_BUNDLE_IDENTIFIER = com.luhaocloud.TabBarController;
				PRODUCT_NAME = "$(TARGET_NAME)";
				TARGETED_DEVICE_FAMILY = "1,2";
			};
			name = Debug;
		};
		F4786AAE254FA1F100AE61D9 /* Release */ = {
			isa = XCBuildConfiguration;
			buildSettings = {
				ASSETCATALOG_COMPILER_APPICON_NAME = AppIcon;
				ASSETCATALOG_COMPILER_GLOBAL_ACCENT_COLOR_NAME = AccentColor;
				CODE_SIGN_STYLE = Automatic;
				DEVELOPMENT_TEAM = HTGQ69GRBZ;
				INFOPLIST_FILE = TabBarController/Info.plist;
				LD_RUNPATH_SEARCH_PATHS = (
					"$(inherited)",
					"@executable_path/Frameworks",
				);
				PRODUCT_BUNDLE_IDENTIFIER = com.luhaocloud.TabBarController;
				PRODUCT_NAME = "$(TARGET_NAME)";
				TARGETED_DEVICE_FAMILY = "1,2";
			};
			name = Release;
		};
		F4786AB0254FA1F100AE61D9 /* Debug */ = {
			isa = XCBuildConfiguration;
			buildSettings = {
				BUNDLE_LOADER = "$(TEST_HOST)";
				CODE_SIGN_STYLE = Automatic;
				DEVELOPMENT_TEAM = HTGQ69GRBZ;
				INFOPLIST_FILE = TabBarControllerTests/Info.plist;
				IPHONEOS_DEPLOYMENT_TARGET = 14.1;
				LD_RUNPATH_SEARCH_PATHS = (
					"$(inherited)",
					"@executable_path/Frameworks",
					"@loader_path/Frameworks",
				);
				PRODUCT_BUNDLE_IDENTIFIER = com.luhaocloud.TabBarControllerTests;
				PRODUCT_NAME = "$(TARGET_NAME)";
				TARGETED_DEVICE_FAMILY = "1,2";
				TEST_HOST = "$(BUILT_PRODUCTS_DIR)/TabBarController.app/TabBarController";
			};
			name = Debug;
		};
		F4786AB1254FA1F100AE61D9 /* Release */ = {
			isa = XCBuildConfiguration;
			buildSettings = {
				BUNDLE_LOADER = "$(TEST_HOST)";
				CODE_SIGN_STYLE = Automatic;
				DEVELOPMENT_TEAM = HTGQ69GRBZ;
				INFOPLIST_FILE = TabBarControllerTests/Info.plist;
				IPHONEOS_DEPLOYMENT_TARGET = 14.1;
				LD_RUNPATH_SEARCH_PATHS = (
					"$(inherited)",
					"@executable_path/Frameworks",
					"@loader_path/Frameworks",
				);
				PRODUCT_BUNDLE_IDENTIFIER = com.luhaocloud.TabBarControllerTests;
				PRODUCT_NAME = "$(TARGET_NAME)";
				TARGETED_DEVICE_FAMILY = "1,2";
				TEST_HOST = "$(BUILT_PRODUCTS_DIR)/TabBarController.app/TabBarController";
			};
			name = Release;
		};
		F4786AB3254FA1F100AE61D9 /* Debug */ = {
			isa = XCBuildConfiguration;
			buildSettings = {
				CODE_SIGN_STYLE = Automatic;
				DEVELOPMENT_TEAM = HTGQ69GRBZ;
				INFOPLIST_FILE = TabBarControllerUITests/Info.plist;
				LD_RUNPATH_SEARCH_PATHS = (
					"$(inherited)",
					"@executable_path/Frameworks",
					"@loader_path/Frameworks",
				);
				PRODUCT_BUNDLE_IDENTIFIER = com.luhaocloud.TabBarControllerUITests;
				PRODUCT_NAME = "$(TARGET_NAME)";
				TARGETED_DEVICE_FAMILY = "1,2";
				TEST_TARGET_NAME = TabBarController;
			};
			name = Debug;
		};
		F4786AB4254FA1F100AE61D9 /* Release */ = {
			isa = XCBuildConfiguration;
			buildSettings = {
				CODE_SIGN_STYLE = Automatic;
				DEVELOPMENT_TEAM = HTGQ69GRBZ;
				INFOPLIST_FILE = TabBarControllerUITests/Info.plist;
				LD_RUNPATH_SEARCH_PATHS = (
					"$(inherited)",
					"@executable_path/Frameworks",
					"@loader_path/Frameworks",
				);
				PRODUCT_BUNDLE_IDENTIFIER = com.luhaocloud.TabBarControllerUITests;
				PRODUCT_NAME = "$(TARGET_NAME)";
				TARGETED_DEVICE_FAMILY = "1,2";
				TEST_TARGET_NAME = TabBarController;
			};
			name = Release;
		};
/* End XCBuildConfiguration section */

/* Begin XCConfigurationList section */
		F4786A78254FA1EF00AE61D9 /* Build configuration list for PBXProject "TabBarController" */ = {
			isa = XCConfigurationList;
			buildConfigurations = (
				F4786AAA254FA1F100AE61D9 /* Debug */,
				F4786AAB254FA1F100AE61D9 /* Release */,
			);
			defaultConfigurationIsVisible = 0;
			defaultConfigurationName = Release;
		};
		F4786AAC254FA1F100AE61D9 /* Build configuration list for PBXNativeTarget "TabBarController" */ = {
			isa = XCConfigurationList;
			buildConfigurations = (
				F4786AAD254FA1F100AE61D9 /* Debug */,
				F4786AAE254FA1F100AE61D9 /* Release */,
			);
			defaultConfigurationIsVisible = 0;
			defaultConfigurationName = Release;
		};
		F4786AAF254FA1F100AE61D9 /* Build configuration list for PBXNativeTarget "TabBarControllerTests" */ = {
			isa = XCConfigurationList;
			buildConfigurations = (
				F4786AB0254FA1F100AE61D9 /* Debug */,
				F4786AB1254FA1F100AE61D9 /* Release */,
			);
			defaultConfigurationIsVisible = 0;
			defaultConfigurationName = Release;
		};
		F4786AB2254FA1F100AE61D9 /* Build configuration list for PBXNativeTarget "TabBarControllerUITests" */ = {
			isa = XCConfigurationList;
			buildConfigurations = (
				F4786AB3254FA1F100AE61D9 /* Debug */,
				F4786AB4254FA1F100AE61D9 /* Release */,
			);
			defaultConfigurationIsVisible = 0;
			defaultConfigurationName = Release;
		};
/* End XCConfigurationList section */
	};
	rootObject = F4786A75254FA1EF00AE61D9 /* Project object */;
}
